
Microsoft Visual Studio Solution File, Format Version 12.00
# Visual Studio Version 16
VisualStudioVersion = 16.0.32802.440
MinimumVisualStudioVersion = 10.0.40219.1
Project("{9A19103F-16F7-4668-BE54-9A1E7A4F7556}") = "BlogApp.Backend", "BlogApp.Backend\BlogApp.Backend.csproj", "{04015164-BC84-4BFE-8050-B2EB52439673}"
EndProject
Project("{9A19103F-16F7-4668-BE54-9A1E7A4F7556}") = "BlogApp.Common", "BlogApp.Common\BlogApp.Common.csproj", "{4F386124-B99E-4D00-80C7-3BE56134FC81}"
EndProject
Global
	GlobalSection(SolutionConfigurationPlatforms) = preSolution
		Debug|Any CPU = Debug|Any CPU
		Release|Any CPU = Release|Any CPU
	EndGlobalSection
	GlobalSection(ProjectConfigurationPlatforms) = postSolution
		{04015164-BC84-4BFE-8050-B2EB52439673}.Debug|Any CPU.ActiveCfg = Debug|Any CPU
		{04015164-BC84-4BFE-8050-B2EB52439673}.Debug|Any CPU.Build.0 = Debug|Any CPU
		{04015164-BC84-4BFE-8050-B2EB52439673}.Release|Any CPU.ActiveCfg = Release|Any CPU
		{04015164-BC84-4BFE-8050-B2EB52439673}.Release|Any CPU.Build.0 = Release|Any CPU
		{4F386124-B99E-4D00-80C7-3BE56134FC81}.Debug|Any CPU.ActiveCfg = Debug|Any CPU
		{4F386124-B99E-4D00-80C7-3BE56134FC81}.Debug|Any CPU.Build.0 = Debug|Any CPU
		{4F386124-B99E-4D00-80C7-3BE56134FC81}.Release|Any CPU.ActiveCfg = Release|Any CPU
		{4F386124-B99E-4D00-80C7-3BE56134FC81}.Release|Any CPU.Build.0 = Release|Any CPU
	EndGlobalSection
	GlobalSection(SolutionProperties) = preSolution
		HideSolutionNode = FALSE
	EndGlobalSection
	GlobalSection(ExtensibilityGlobals) = postSolution
		SolutionGuid = {2DB89816-97C4-41E9-B591-B3F31A617333}
	EndGlobalSection
EndGlobal
